
Microsoft Visual Studio Solution File, Format Version 12.00
# Visual Studio Version 17
VisualStudioVersion = 17.13.35825.156 d17.13
MinimumVisualStudioVersion = 10.0.40219.1
Project("{FAE04EC0-301F-11D3-BF4B-00C04F79EFBC}") = "ApiGateway", "ApiGateway\ApiGateway.csproj", "{871B5FEA-14C6-4A04-A6F2-DCD50D64E252}"
EndProject
Global
	GlobalSection(SolutionConfigurationPlatforms) = preSolution
		Debug|Any CPU = Debug|Any CPU
		Release|Any CPU = Release|Any CPU
	EndGlobalSection
	GlobalSection(ProjectConfigurationPlatforms) = postSolution
		{871B5FEA-14C6-4A04-A6F2-DCD50D64E252}.Debug|Any CPU.ActiveCfg = Debug|Any CPU
		{871B5FEA-14C6-4A04-A6F2-DCD50D64E252}.Debug|Any CPU.Build.0 = Debug|Any CPU
		{871B5FEA-14C6-4A04-A6F2-DCD50D64E252}.Release|Any CPU.ActiveCfg = Release|Any CPU
		{871B5FEA-14C6-4A04-A6F2-DCD50D64E252}.Release|Any CPU.Build.0 = Release|Any CPU
	EndGlobalSection
	GlobalSection(SolutionProperties) = preSolution
		HideSolutionNode = FALSE
	EndGlobalSection
	GlobalSection(ExtensibilityGlobals) = postSolution
		SolutionGuid = {6821EF4A-5F9A-402F-BF3B-9D2122E4D165}
	EndGlobalSection
EndGlobal
