
Microsoft Visual Studio Solution File, Format Version 12.00
# Visual Studio Version 17
VisualStudioVersion = 17.12.35707.178
MinimumVisualStudioVersion = 10.0.40219.1
Project("{FAE04EC0-301F-11D3-BF4B-00C04F79EFBC}") = "WebApi", "WebApi\WebApi.csproj", "{48B0E734-D5C0-4021-A54E-835DD4302035}"
	ProjectSection(ProjectDependencies) = postProject
		{101E3A53-20ED-470A-A4B9-E8985CD74731} = {101E3A53-20ED-470A-A4B9-E8985CD74731}
	EndProjectSection
EndProject
Project("{FAE04EC0-301F-11D3-BF4B-00C04F79EFBC}") = "Domain", "Domain\Domain.csproj", "{79CC1ED5-7B1E-4303-8ECD-DCB686773B7B}"
EndProject
Project("{FAE04EC0-301F-11D3-BF4B-00C04F79EFBC}") = "Infrastructure", "Infrastructure\Infrastructure.csproj", "{A6757FEF-9488-4806-A04B-8B1DEFB279F1}"
	ProjectSection(ProjectDependencies) = postProject
		{79CC1ED5-7B1E-4303-8ECD-DCB686773B7B} = {79CC1ED5-7B1E-4303-8ECD-DCB686773B7B}
	EndProjectSection
EndProject
Project("{FAE04EC0-301F-11D3-BF4B-00C04F79EFBC}") = "Application", "Application\Application.csproj", "{101E3A53-20ED-470A-A4B9-E8985CD74731}"
EndProject
Global
	GlobalSection(SolutionConfigurationPlatforms) = preSolution
		Debug|Any CPU = Debug|Any CPU
		Release|Any CPU = Release|Any CPU
	EndGlobalSection
	GlobalSection(ProjectConfigurationPlatforms) = postSolution
		{48B0E734-D5C0-4021-A54E-835DD4302035}.Debug|Any CPU.ActiveCfg = Debug|Any CPU
		{48B0E734-D5C0-4021-A54E-835DD4302035}.Debug|Any CPU.Build.0 = Debug|Any CPU
		{48B0E734-D5C0-4021-A54E-835DD4302035}.Release|Any CPU.ActiveCfg = Release|Any CPU
		{48B0E734-D5C0-4021-A54E-835DD4302035}.Release|Any CPU.Build.0 = Release|Any CPU
		{79CC1ED5-7B1E-4303-8ECD-DCB686773B7B}.Debug|Any CPU.ActiveCfg = Debug|Any CPU
		{79CC1ED5-7B1E-4303-8ECD-DCB686773B7B}.Debug|Any CPU.Build.0 = Debug|Any CPU
		{79CC1ED5-7B1E-4303-8ECD-DCB686773B7B}.Release|Any CPU.ActiveCfg = Release|Any CPU
		{79CC1ED5-7B1E-4303-8ECD-DCB686773B7B}.Release|Any CPU.Build.0 = Release|Any CPU
		{A6757FEF-9488-4806-A04B-8B1DEFB279F1}.Debug|Any CPU.ActiveCfg = Debug|Any CPU
		{A6757FEF-9488-4806-A04B-8B1DEFB279F1}.Debug|Any CPU.Build.0 = Debug|Any CPU
		{A6757FEF-9488-4806-A04B-8B1DEFB279F1}.Release|Any CPU.ActiveCfg = Release|Any CPU
		{A6757FEF-9488-4806-A04B-8B1DEFB279F1}.Release|Any CPU.Build.0 = Release|Any CPU
		{101E3A53-20ED-470A-A4B9-E8985CD74731}.Debug|Any CPU.ActiveCfg = Debug|Any CPU
		{101E3A53-20ED-470A-A4B9-E8985CD74731}.Debug|Any CPU.Build.0 = Debug|Any CPU
		{101E3A53-20ED-470A-A4B9-E8985CD74731}.Release|Any CPU.ActiveCfg = Release|Any CPU
		{101E3A53-20ED-470A-A4B9-E8985CD74731}.Release|Any CPU.Build.0 = Release|Any CPU
	EndGlobalSection
	GlobalSection(SolutionProperties) = preSolution
		HideSolutionNode = FALSE
	EndGlobalSection
EndGlobal
