
Microsoft Visual Studio Solution File, Format Version 12.00
# Visual Studio Version 17
VisualStudioVersion = 17.12.35707.178
MinimumVisualStudioVersion = 10.0.40219.1
Project("{FAE04EC0-301F-11D3-BF4B-00C04F79EFBC}") = "WebApi", "WebApi\WebApi.csproj", "{992475C3-98FF-41D4-9379-E50605BA2DD7}"
EndProject
Project("{FAE04EC0-301F-11D3-BF4B-00C04F79EFBC}") = "Application", "Application\Application.csproj", "{4F402402-C9D6-42B2-A669-ADC4332520F6}"
EndProject
Global
	GlobalSection(SolutionConfigurationPlatforms) = preSolution
		Debug|Any CPU = Debug|Any CPU
		Release|Any CPU = Release|Any CPU
	EndGlobalSection
	GlobalSection(ProjectConfigurationPlatforms) = postSolution
		{992475C3-98FF-41D4-9379-E50605BA2DD7}.Debug|Any CPU.ActiveCfg = Debug|Any CPU
		{992475C3-98FF-41D4-9379-E50605BA2DD7}.Debug|Any CPU.Build.0 = Debug|Any CPU
		{992475C3-98FF-41D4-9379-E50605BA2DD7}.Release|Any CPU.ActiveCfg = Release|Any CPU
		{992475C3-98FF-41D4-9379-E50605BA2DD7}.Release|Any CPU.Build.0 = Release|Any CPU
		{4F402402-C9D6-42B2-A669-ADC4332520F6}.Debug|Any CPU.ActiveCfg = Debug|Any CPU
		{4F402402-C9D6-42B2-A669-ADC4332520F6}.Debug|Any CPU.Build.0 = Debug|Any CPU
		{4F402402-C9D6-42B2-A669-ADC4332520F6}.Release|Any CPU.ActiveCfg = Release|Any CPU
		{4F402402-C9D6-42B2-A669-ADC4332520F6}.Release|Any CPU.Build.0 = Release|Any CPU
	EndGlobalSection
	GlobalSection(SolutionProperties) = preSolution
		HideSolutionNode = FALSE
	EndGlobalSection
EndGlobal
